
Microsoft Visual Studio Solution File, Format Version 12.00
Project("{FAE04EC0-301F-11D3-BF4B-00C04F79EFBC}") = "webApp", "webApp\webApp.csproj", "{9F5D5304-C75D-4A10-878D-EEF2103B108B}"
EndProject
Project("{FAE04EC0-301F-11D3-BF4B-00C04F79EFBC}") = "ServerAPI", "ServerAPI\ServerAPI.csproj", "{0B70B272-F1C0-4760-B6A5-6E268C928F75}"
EndProject
Global
	GlobalSection(SolutionConfigurationPlatforms) = preSolution
		Debug|Any CPU = Debug|Any CPU
		Release|Any CPU = Release|Any CPU
	EndGlobalSection
	GlobalSection(ProjectConfigurationPlatforms) = postSolution
		{9F5D5304-C75D-4A10-878D-EEF2103B108B}.Debug|Any CPU.ActiveCfg = Debug|Any CPU
		{9F5D5304-C75D-4A10-878D-EEF2103B108B}.Debug|Any CPU.Build.0 = Debug|Any CPU
		{9F5D5304-C75D-4A10-878D-EEF2103B108B}.Release|Any CPU.ActiveCfg = Release|Any CPU
		{9F5D5304-C75D-4A10-878D-EEF2103B108B}.Release|Any CPU.Build.0 = Release|Any CPU
		{0B70B272-F1C0-4760-B6A5-6E268C928F75}.Debug|Any CPU.ActiveCfg = Debug|Any CPU
		{0B70B272-F1C0-4760-B6A5-6E268C928F75}.Debug|Any CPU.Build.0 = Debug|Any CPU
		{0B70B272-F1C0-4760-B6A5-6E268C928F75}.Release|Any CPU.ActiveCfg = Release|Any CPU
		{0B70B272-F1C0-4760-B6A5-6E268C928F75}.Release|Any CPU.Build.0 = Release|Any CPU
	EndGlobalSection
EndGlobal
